// !$*UTF8*$!
{
	archiveVersion = 1;
	classes = {
	};
	objectVersion = 56;
	objects = {

/* Begin PBXBuildFile section */
		CA8779FD2CF480C300C1112E /* AppDelegate.swift in Sources */ = {isa = PBXBuildFile; fileRef = CA8779FC2CF480C300C1112E /* AppDelegate.swift */; };
		CA8779FF2CF480C300C1112E /* SceneDelegate.swift in Sources */ = {isa = PBXBuildFile; fileRef = CA8779FE2CF480C300C1112E /* SceneDelegate.swift */; };
		CA877A012CF480C300C1112E /* ViewController.swift in Sources */ = {isa = PBXBuildFile; fileRef = CA877A002CF480C300C1112E /* ViewController.swift */; };
		CA877A042CF480C300C1112E /* Main.storyboard in Resources */ = {isa = PBXBuildFile; fileRef = CA877A022CF480C300C1112E /* Main.storyboard */; };
		CA877A062CF480C700C1112E /* Assets.xcassets in Resources */ = {isa = PBXBuildFile; fileRef = CA877A052CF480C700C1112E /* Assets.xcassets */; };
		CA877A092CF480C700C1112E /* LaunchScreen.storyboard in Resources */ = {isa = PBXBuildFile; fileRef = CA877A072CF480C700C1112E /* LaunchScreen.storyboard */; };
		CA877A142CF480C700C1112E /* FoodieTests.swift in Sources */ = {isa = PBXBuildFile; fileRef = CA877A132CF480C700C1112E /* FoodieTests.swift */; };
		CA877A1E2CF480C700C1112E /* FoodieUITests.swift in Sources */ = {isa = PBXBuildFile; fileRef = CA877A1D2CF480C700C1112E /* FoodieUITests.swift */; };
		CA877A202CF480C700C1112E /* FoodieUITestsLaunchTests.swift in Sources */ = {isa = PBXBuildFile; fileRef = CA877A1F2CF480C700C1112E /* FoodieUITestsLaunchTests.swift */; };
/* End PBXBuildFile section */

/* Begin PBXContainerItemProxy section */
		CA877A102CF480C700C1112E /* PBXContainerItemProxy */ = {
			isa = PBXContainerItemProxy;
			containerPortal = CA8779F12CF480C300C1112E /* Project object */;
			proxyType = 1;
			remoteGlobalIDString = CA8779F82CF480C300C1112E;
			remoteInfo = Foodie;
		};
		CA877A1A2CF480C700C1112E /* PBXContainerItemProxy */ = {
			isa = PBXContainerItemProxy;
			containerPortal = CA8779F12CF480C300C1112E /* Project object */;
			proxyType = 1;
			remoteGlobalIDString = CA8779F82CF480C300C1112E;
			remoteInfo = Foodie;
		};
/* End PBXContainerItemProxy section */

/* Begin PBXFileReference section */
		CA8779F92CF480C300C1112E /* Foodie.app */ = {isa = PBXFileReference; explicitFileType = wrapper.application; includeInIndex = 0; path = Foodie.app; sourceTree = BUILT_PRODUCTS_DIR; };
		CA8779FC2CF480C300C1112E /* AppDelegate.swift */ = {isa = PBXFileReference; lastKnownFileType = sourcecode.swift; path = AppDelegate.swift; sourceTree = "<group>"; };
		CA8779FE2CF480C300C1112E /* SceneDelegate.swift */ = {isa = PBXFileReference; lastKnownFileType = sourcecode.swift; path = SceneDelegate.swift; sourceTree = "<group>"; };
		CA877A002CF480C300C1112E /* ViewController.swift */ = {isa = PBXFileReference; lastKnownFileType = sourcecode.swift; path = ViewController.swift; sourceTree = "<group>"; };
		CA877A032CF480C300C1112E /* Base */ = {isa = PBXFileReference; lastKnownFileType = file.storyboard; name = Base; path = Base.lproj/Main.storyboard; sourceTree = "<group>"; };
		CA877A052CF480C700C1112E /* Assets.xcassets */ = {isa = PBXFileReference; lastKnownFileType = folder.assetcatalog; path = Assets.xcassets; sourceTree = "<group>"; };
		CA877A082CF480C700C1112E /* Base */ = {isa = PBXFileReference; lastKnownFileType = file.storyboard; name = Base; path = Base.lproj/LaunchScreen.storyboard; sourceTree = "<group>"; };
		CA877A0A2CF480C700C1112E /* Info.plist */ = {isa = PBXFileReference; lastKnownFileType = text.plist.xml; path = Info.plist; sourceTree = "<group>"; };
		CA877A0F2CF480C700C1112E /* FoodieTests.xctest */ = {isa = PBXFileReference; explicitFileType = wrapper.cfbundle; includeInIndex = 0; path = FoodieTests.xctest; sourceTree = BUILT_PRODUCTS_DIR; };
		CA877A132CF480C700C1112E /* FoodieTests.swift */ = {isa = PBXFileReference; lastKnownFileType = sourcecode.swift; path = FoodieTests.swift; sourceTree = "<group>"; };
		CA877A192CF480C700C1112E /* FoodieUITests.xctest */ = {isa = PBXFileReference; explicitFileType = wrapper.cfbundle; includeInIndex = 0; path = FoodieUITests.xctest; sourceTree = BUILT_PRODUCTS_DIR; };
		CA877A1D2CF480C700C1112E /* FoodieUITests.swift */ = {isa = PBXFileReference; lastKnownFileType = sourcecode.swift; path = FoodieUITests.swift; sourceTree = "<group>"; };
		CA877A1F2CF480C700C1112E /* FoodieUITestsLaunchTests.swift */ = {isa = PBXFileReference; lastKnownFileType = sourcecode.swift; path = FoodieUITestsLaunchTests.swift; sourceTree = "<group>"; };
/* End PBXFileReference section */

/* Begin PBXFrameworksBuildPhase section */
		CA8779F62CF480C300C1112E /* Frameworks */ = {
			isa = PBXFrameworksBuildPhase;
			buildActionMask = 2147483647;
			files = (
			);
			runOnlyForDeploymentPostprocessing = 0;
		};
		CA877A0C2CF480C700C1112E /* Frameworks */ = {
			isa = PBXFrameworksBuildPhase;
			buildActionMask = 2147483647;
			files = (
			);
			runOnlyForDeploymentPostprocessing = 0;
		};
		CA877A162CF480C700C1112E /* Frameworks */ = {
			isa = PBXFrameworksBuildPhase;
			buildActionMask = 2147483647;
			files = (
			);
			runOnlyForDeploymentPostprocessing = 0;
		};
/* End PBXFrameworksBuildPhase section */

/* Begin PBXGroup section */
		CA8779F02CF480C300C1112E = {
			isa = PBXGroup;
			children = (
				CA8779FB2CF480C300C1112E /* Foodie */,
				CA877A122CF480C700C1112E /* FoodieTests */,
				CA877A1C2CF480C700C1112E /* FoodieUITests */,
				CA8779FA2CF480C300C1112E /* Products */,
			);
			sourceTree = "<group>";
		};
		CA8779FA2CF480C300C1112E /* Products */ = {
			isa = PBXGroup;
			children = (
				CA8779F92CF480C300C1112E /* Foodie.app */,
				CA877A0F2CF480C700C1112E /* FoodieTests.xctest */,
				CA877A192CF480C700C1112E /* FoodieUITests.xctest */,
			);
			name = Products;
			sourceTree = "<group>";
		};
		CA8779FB2CF480C300C1112E /* Foodie */ = {
			isa = PBXGroup;
			children = (
				CA8779FC2CF480C300C1112E /* AppDelegate.swift */,
				CA8779FE2CF480C300C1112E /* SceneDelegate.swift */,
				CA877A002CF480C300C1112E /* ViewController.swift */,
				CA877A022CF480C300C1112E /* Main.storyboard */,
				CA877A052CF480C700C1112E /* Assets.xcassets */,
				CA877A072CF480C700C1112E /* LaunchScreen.storyboard */,
				CA877A0A2CF480C700C1112E /* Info.plist */,
			);
			path = Foodie;
			sourceTree = "<group>";
		};
		CA877A122CF480C700C1112E /* FoodieTests */ = {
			isa = PBXGroup;
			children = (
				CA877A132CF480C700C1112E /* FoodieTests.swift */,
			);
			path = FoodieTests;
			sourceTree = "<group>";
		};
		CA877A1C2CF480C700C1112E /* FoodieUITests */ = {
			isa = PBXGroup;
			children = (
				CA877A1D2CF480C700C1112E /* FoodieUITests.swift */,
				CA877A1F2CF480C700C1112E /* FoodieUITestsLaunchTests.swift */,
			);
			path = FoodieUITests;
			sourceTree = "<group>";
		};
/* End PBXGroup section */

/* Begin PBXNativeTarget section */
		CA8779F82CF480C300C1112E /* Foodie */ = {
			isa = PBXNativeTarget;
			buildConfigurationList = CA877A232CF480C700C1112E /* Build configuration list for PBXNativeTarget "Foodie" */;
			buildPhases = (
				CA8779F52CF480C300C1112E /* Sources */,
				CA8779F62CF480C300C1112E /* Frameworks */,
				CA8779F72CF480C300C1112E /* Resources */,
			);
			buildRules = (
			);
			dependencies = (
			);
			name = Foodie;
			productName = Foodie;
			productReference = CA8779F92CF480C300C1112E /* Foodie.app */;
			productType = "com.apple.product-type.application";
		};
		CA877A0E2CF480C700C1112E /* FoodieTests */ = {
			isa = PBXNativeTarget;
			buildConfigurationList = CA877A262CF480C700C1112E /* Build configuration list for PBXNativeTarget "FoodieTests" */;
			buildPhases = (
				CA877A0B2CF480C700C1112E /* Sources */,
				CA877A0C2CF480C700C1112E /* Frameworks */,
				CA877A0D2CF480C700C1112E /* Resources */,
			);
			buildRules = (
			);
			dependencies = (
				CA877A112CF480C700C1112E /* PBXTargetDependency */,
			);
			name = FoodieTests;
			productName = FoodieTests;
			productReference = CA877A0F2CF480C700C1112E /* FoodieTests.xctest */;
			productType = "com.apple.product-type.bundle.unit-test";
		};
		CA877A182CF480C700C1112E /* FoodieUITests */ = {
			isa = PBXNativeTarget;
			buildConfigurationList = CA877A292CF480C700C1112E /* Build configuration list for PBXNativeTarget "FoodieUITests" */;
			buildPhases = (
				CA877A152CF480C700C1112E /* Sources */,
				CA877A162CF480C700C1112E /* Frameworks */,
				CA877A172CF480C700C1112E /* Resources */,
			);
			buildRules = (
			);
			dependencies = (
				CA877A1B2CF480C700C1112E /* PBXTargetDependency */,
			);
			name = FoodieUITests;
			productName = FoodieUITests;
			productReference = CA877A192CF480C700C1112E /* FoodieUITests.xctest */;
			productType = "com.apple.product-type.bundle.ui-testing";
		};
/* End PBXNativeTarget section */

/* Begin PBXProject section */
		CA8779F12CF480C300C1112E /* Project object */ = {
			isa = PBXProject;
			attributes = {
				BuildIndependentTargetsInParallel = 1;
				LastSwiftUpdateCheck = 1520;
				LastUpgradeCheck = 1520;
				TargetAttributes = {
					CA8779F82CF480C300C1112E = {
						CreatedOnToolsVersion = 15.2;
					};
					CA877A0E2CF480C700C1112E = {
						CreatedOnToolsVersion = 15.2;
						TestTargetID = CA8779F82CF480C300C1112E;
					};
					CA877A182CF480C700C1112E = {
						CreatedOnToolsVersion = 15.2;
						TestTargetID = CA8779F82CF480C300C1112E;
					};
				};
			};
			buildConfigurationList = CA8779F42CF480C300C1112E /* Build configuration list for PBXProject "Foodie" */;
			compatibilityVersion = "Xcode 14.0";
			developmentRegion = en;
			hasScannedForEncodings = 0;
			knownRegions = (
				en,
				Base,
			);
			mainGroup = CA8779F02CF480C300C1112E;
			productRefGroup = CA8779FA2CF480C300C1112E /* Products */;
			projectDirPath = "";
			projectRoot = "";
			targets = (
				CA8779F82CF480C300C1112E /* Foodie */,
				CA877A0E2CF480C700C1112E /* FoodieTests */,
				CA877A182CF480C700C1112E /* FoodieUITests */,
			);
		};
/* End PBXProject section */

/* Begin PBXResourcesBuildPhase section */
		CA8779F72CF480C300C1112E /* Resources */ = {
			isa = PBXResourcesBuildPhase;
			buildActionMask = 2147483647;
			files = (
				CA877A092CF480C700C1112E /* LaunchScreen.storyboard in Resources */,
				CA877A062CF480C700C1112E /* Assets.xcassets in Resources */,
				CA877A042CF480C300C1112E /* Main.storyboard in Resources */,
			);
			runOnlyForDeploymentPostprocessing = 0;
		};
		CA877A0D2CF480C700C1112E /* Resources */ = {
			isa = PBXResourcesBuildPhase;
			buildActionMask = 2147483647;
			files = (
			);
			runOnlyForDeploymentPostprocessing = 0;
		};
		CA877A172CF480C700C1112E /* Resources */ = {
			isa = PBXResourcesBuildPhase;
			buildActionMask = 2147483647;
			files = (
			);
			runOnlyForDeploymentPostprocessing = 0;
		};
/* End PBXResourcesBuildPhase section */

/* Begin PBXSourcesBuildPhase section */
		CA8779F52CF480C300C1112E /* Sources */ = {
			isa = PBXSourcesBuildPhase;
			buildActionMask = 2147483647;
			files = (
				CA877A012CF480C300C1112E /* ViewController.swift in Sources */,
				CA8779FD2CF480C300C1112E /* AppDelegate.swift in Sources */,
				CA8779FF2CF480C300C1112E /* SceneDelegate.swift in Sources */,
			);
			runOnlyForDeploymentPostprocessing = 0;
		};
		CA877A0B2CF480C700C1112E /* Sources */ = {
			isa = PBXSourcesBuildPhase;
			buildActionMask = 2147483647;
			files = (
				CA877A142CF480C700C1112E /* FoodieTests.swift in Sources */,
			);
			runOnlyForDeploymentPostprocessing = 0;
		};
		CA877A152CF480C700C1112E /* Sources */ = {
			isa = PBXSourcesBuildPhase;
			buildActionMask = 2147483647;
			files = (
				CA877A202CF480C700C1112E /* FoodieUITestsLaunchTests.swift in Sources */,
				CA877A1E2CF480C700C1112E /* FoodieUITests.swift in Sources */,
			);
			runOnlyForDeploymentPostprocessing = 0;
		};
/* End PBXSourcesBuildPhase section */

/* Begin PBXTargetDependency section */
		CA877A112CF480C700C1112E /* PBXTargetDependency */ = {
			isa = PBXTargetDependency;
			target = CA8779F82CF480C300C1112E /* Foodie */;
			targetProxy = CA877A102CF480C700C1112E /* PBXContainerItemProxy */;
		};
		CA877A1B2CF480C700C1112E /* PBXTargetDependency */ = {
			isa = PBXTargetDependency;
			target = CA8779F82CF480C300C1112E /* Foodie */;
			targetProxy = CA877A1A2CF480C700C1112E /* PBXContainerItemProxy */;
		};
/* End PBXTargetDependency section */

/* Begin PBXVariantGroup section */
		CA877A022CF480C300C1112E /* Main.storyboard */ = {
			isa = PBXVariantGroup;
			children = (
				CA877A032CF480C300C1112E /* Base */,
			);
			name = Main.storyboard;
			sourceTree = "<group>";
		};
		CA877A072CF480C700C1112E /* LaunchScreen.storyboard */ = {
			isa = PBXVariantGroup;
			children = (
				CA877A082CF480C700C1112E /* Base */,
			);
			name = LaunchScreen.storyboard;
			sourceTree = "<group>";
		};
/* End PBXVariantGroup section */

/* Begin XCBuildConfiguration section */
		CA877A212CF480C700C1112E /* Debug */ = {
			isa = XCBuildConfiguration;
			buildSettings = {
				ALWAYS_SEARCH_USER_PATHS = NO;
				ASSETCATALOG_COMPILER_GENERATE_SWIFT_ASSET_SYMBOL_EXTENSIONS = YES;
				CLANG_ANALYZER_NONNULL = YES;
				CLANG_ANALYZER_NUMBER_OBJECT_CONVERSION = YES_AGGRESSIVE;
				CLANG_CXX_LANGUAGE_STANDARD = "gnu++20";
				CLANG_ENABLE_MODULES = YES;
				CLANG_ENABLE_OBJC_ARC = YES;
				CLANG_ENABLE_OBJC_WEAK = YES;
				CLANG_WARN_BLOCK_CAPTURE_AUTORELEASING = YES;
				CLANG_WARN_BOOL_CONVERSION = YES;
				CLANG_WARN_COMMA = YES;
				CLANG_WARN_CONSTANT_CONVERSION = YES;
				CLANG_WARN_DEPRECATED_OBJC_IMPLEMENTATIONS = YES;
				CLANG_WARN_DIRECT_OBJC_ISA_USAGE = YES_ERROR;
				CLANG_WARN_DOCUMENTATION_COMMENTS = YES;
				CLANG_WARN_EMPTY_BODY = YES;
				CLANG_WARN_ENUM_CONVERSION = YES;
				CLANG_WARN_INFINITE_RECURSION = YES;
				CLANG_WARN_INT_CONVERSION = YES;
				CLANG_WARN_NON_LITERAL_NULL_CONVERSION = YES;
				CLANG_WARN_OBJC_IMPLICIT_RETAIN_SELF = YES;
				CLANG_WARN_OBJC_LITERAL_CONVERSION = YES;
				CLANG_WARN_OBJC_ROOT_CLASS = YES_ERROR;
				CLANG_WARN_QUOTED_INCLUDE_IN_FRAMEWORK_HEADER = YES;
				CLANG_WARN_RANGE_LOOP_ANALYSIS = YES;
				CLANG_WARN_STRICT_PROTOTYPES = YES;
				CLANG_WARN_SUSPICIOUS_MOVE = YES;
				CLANG_WARN_UNGUARDED_AVAILABILITY = YES_AGGRESSIVE;
				CLANG_WARN_UNREACHABLE_CODE = YES;
				CLANG_WARN__DUPLICATE_METHOD_MATCH = YES;
				COPY_PHASE_STRIP = NO;
				DEBUG_INFORMATION_FORMAT = dwarf;
				ENABLE_STRICT_OBJC_MSGSEND = YES;
				ENABLE_TESTABILITY = YES;
				ENABLE_USER_SCRIPT_SANDBOXING = YES;
				GCC_C_LANGUAGE_STANDARD = gnu17;
				GCC_DYNAMIC_NO_PIC = NO;
				GCC_NO_COMMON_BLOCKS = YES;
				GCC_OPTIMIZATION_LEVEL = 0;
				GCC_PREPROCESSOR_DEFINITIONS = (
					"DEBUG=1",
					"$(inherited)",
				);
				GCC_WARN_64_TO_32_BIT_CONVERSION = YES;
				GCC_WARN_ABOUT_RETURN_TYPE = YES_ERROR;
				GCC_WARN_UNDECLARED_SELECTOR = YES;
				GCC_WARN_UNINITIALIZED_AUTOS = YES_AGGRESSIVE;
				GCC_WARN_UNUSED_FUNCTION = YES;
				GCC_WARN_UNUSED_VARIABLE = YES;
				IPHONEOS_DEPLOYMENT_TARGET = 17.2;
				LOCALIZATION_PREFERS_STRING_CATALOGS = YES;
				MTL_ENABLE_DEBUG_INFO = INCLUDE_SOURCE;
				MTL_FAST_MATH = YES;
				ONLY_ACTIVE_ARCH = YES;
				SDKROOT = iphoneos;
				SWIFT_ACTIVE_COMPILATION_CONDITIONS = "DEBUG $(inherited)";
				SWIFT_OPTIMIZATION_LEVEL = "-Onone";
			};
			name = Debug;
		};
		CA877A222CF480C700C1112E /* Release */ = {
			isa = XCBuildConfiguration;
			buildSettings = {
				ALWAYS_SEARCH_USER_PATHS = NO;
				ASSETCATALOG_COMPILER_GENERATE_SWIFT_ASSET_SYMBOL_EXTENSIONS = YES;
				CLANG_ANALYZER_NONNULL = YES;
				CLANG_ANALYZER_NUMBER_OBJECT_CONVERSION = YES_AGGRESSIVE;
				CLANG_CXX_LANGUAGE_STANDARD = "gnu++20";
				CLANG_ENABLE_MODULES = YES;
				CLANG_ENABLE_OBJC_ARC = YES;
				CLANG_ENABLE_OBJC_WEAK = YES;
				CLANG_WARN_BLOCK_CAPTURE_AUTORELEASING = YES;
				CLANG_WARN_BOOL_CONVERSION = YES;
				CLANG_WARN_COMMA = YES;
				CLANG_WARN_CONSTANT_CONVERSION = YES;
				CLANG_WARN_DEPRECATED_OBJC_IMPLEMENTATIONS = YES;
				CLANG_WARN_DIRECT_OBJC_ISA_USAGE = YES_ERROR;
				CLANG_WARN_DOCUMENTATION_COMMENTS = YES;
				CLANG_WARN_EMPTY_BODY = YES;
				CLANG_WARN_ENUM_CONVERSION = YES;
				CLANG_WARN_INFINITE_RECURSION = YES;
				CLANG_WARN_INT_CONVERSION = YES;
				CLANG_WARN_NON_LITERAL_NULL_CONVERSION = YES;
				CLANG_WARN_OBJC_IMPLICIT_RETAIN_SELF = YES;
				CLANG_WARN_OBJC_LITERAL_CONVERSION = YES;
				CLANG_WARN_OBJC_ROOT_CLASS = YES_ERROR;
				CLANG_WARN_QUOTED_INCLUDE_IN_FRAMEWORK_HEADER = YES;
				CLANG_WARN_RANGE_LOOP_ANALYSIS = YES;
				CLANG_WARN_STRICT_PROTOTYPES = YES;
				CLANG_WARN_SUSPICIOUS_MOVE = YES;
				CLANG_WARN_UNGUARDED_AVAILABILITY = YES_AGGRESSIVE;
				CLANG_WARN_UNREACHABLE_CODE = YES;
				CLANG_WARN__DUPLICATE_METHOD_MATCH = YES;
				COPY_PHASE_STRIP = NO;
				DEBUG_INFORMATION_FORMAT = "dwarf-with-dsym";
				ENABLE_NS_ASSERTIONS = NO;
				ENABLE_STRICT_OBJC_MSGSEND = YES;
				ENABLE_USER_SCRIPT_SANDBOXING = YES;
				GCC_C_LANGUAGE_STANDARD = gnu17;
				GCC_NO_COMMON_BLOCKS = YES;
				GCC_WARN_64_TO_32_BIT_CONVERSION = YES;
				GCC_WARN_ABOUT_RETURN_TYPE = YES_ERROR;
				GCC_WARN_UNDECLARED_SELECTOR = YES;
				GCC_WARN_UNINITIALIZED_AUTOS = YES_AGGRESSIVE;
				GCC_WARN_UNUSED_FUNCTION = YES;
				GCC_WARN_UNUSED_VARIABLE = YES;
				IPHONEOS_DEPLOYMENT_TARGET = 17.2;
				LOCALIZATION_PREFERS_STRING_CATALOGS = YES;
				MTL_ENABLE_DEBUG_INFO = NO;
				MTL_FAST_MATH = YES;
				SDKROOT = iphoneos;
				SWIFT_COMPILATION_MODE = wholemodule;
				VALIDATE_PRODUCT = YES;
			};
			name = Release;
		};
		CA877A242CF480C700C1112E /* Debug */ = {
			isa = XCBuildConfiguration;
			buildSettings = {
				ASSETCATALOG_COMPILER_APPICON_NAME = AppIcon;
				ASSETCATALOG_COMPILER_GLOBAL_ACCENT_COLOR_NAME = AccentColor;
				CODE_SIGN_STYLE = Automatic;
				CURRENT_PROJECT_VERSION = 1;
				DEVELOPMENT_TEAM = 7W2N6MYJJA;
				GENERATE_INFOPLIST_FILE = YES;
				INFOPLIST_FILE = Foodie/Info.plist;
				INFOPLIST_KEY_UIApplicationSupportsIndirectInputEvents = YES;
				INFOPLIST_KEY_UILaunchStoryboardName = LaunchScreen;
				INFOPLIST_KEY_UIMainStoryboardFile = Main;
				INFOPLIST_KEY_UISupportedInterfaceOrientations_iPad = "UIInterfaceOrientationPortrait UIInterfaceOrientationPortraitUpsideDown UIInterfaceOrientationLandscapeLeft UIInterfaceOrientationLandscapeRight";
				INFOPLIST_KEY_UISupportedInterfaceOrientations_iPhone = "UIInterfaceOrientationPortrait UIInterfaceOrientationLandscapeLeft UIInterfaceOrientationLandscapeRight";
				LD_RUNPATH_SEARCH_PATHS = (
					"$(inherited)",
					"@executable_path/Frameworks",
				);
				MARKETING_VERSION = 1.0;
				PRODUCT_BUNDLE_IDENTIFIER = com.indocyber.foodie.Foodie;
				PRODUCT_NAME = "$(TARGET_NAME)";
				SWIFT_EMIT_LOC_STRINGS = YES;
				SWIFT_VERSION = 5.0;
				TARGETED_DEVICE_FAMILY = "1,2";
			};
			name = Debug;
		};
		CA877A252CF480C700C1112E /* Release */ = {
			isa = XCBuildConfiguration;
			buildSettings = {
				ASSETCATALOG_COMPILER_APPICON_NAME = AppIcon;
				ASSETCATALOG_COMPILER_GLOBAL_ACCENT_COLOR_NAME = AccentColor;
				CODE_SIGN_STYLE = Automatic;
				CURRENT_PROJECT_VERSION = 1;
				DEVELOPMENT_TEAM = 7W2N6MYJJA;
				GENERATE_INFOPLIST_FILE = YES;
				INFOPLIST_FILE = Foodie/Info.plist;
				INFOPLIST_KEY_UIApplicationSupportsIndirectInputEvents = YES;
				INFOPLIST_KEY_UILaunchStoryboardName = LaunchScreen;
				INFOPLIST_KEY_UIMainStoryboardFile = Main;
				INFOPLIST_KEY_UISupportedInterfaceOrientations_iPad = "UIInterfaceOrientationPortrait UIInterfaceOrientationPortraitUpsideDown UIInterfaceOrientationLandscapeLeft UIInterfaceOrientationLandscapeRight";
				INFOPLIST_KEY_UISupportedInterfaceOrientations_iPhone = "UIInterfaceOrientationPortrait UIInterfaceOrientationLandscapeLeft UIInterfaceOrientationLandscapeRight";
				LD_RUNPATH_SEARCH_PATHS = (
					"$(inherited)",
					"@executable_path/Frameworks",
				);
				MARKETING_VERSION = 1.0;
				PRODUCT_BUNDLE_IDENTIFIER = com.indocyber.foodie.Foodie;
				PRODUCT_NAME = "$(TARGET_NAME)";
				SWIFT_EMIT_LOC_STRINGS = YES;
				SWIFT_VERSION = 5.0;
				TARGETED_DEVICE_FAMILY = "1,2";
			};
			name = Release;
		};
		CA877A272CF480C700C1112E /* Debug */ = {
			isa = XCBuildConfiguration;
			buildSettings = {
				ALWAYS_EMBED_SWIFT_STANDARD_LIBRARIES = YES;
				BUNDLE_LOADER = "$(TEST_HOST)";
				CODE_SIGN_STYLE = Automatic;
				CURRENT_PROJECT_VERSION = 1;
				DEVELOPMENT_TEAM = 7W2N6MYJJA;
				GENERATE_INFOPLIST_FILE = YES;
				IPHONEOS_DEPLOYMENT_TARGET = 17.2;
				MARKETING_VERSION = 1.0;
				PRODUCT_BUNDLE_IDENTIFIER = com.indocyber.foodie.FoodieTests;
				PRODUCT_NAME = "$(TARGET_NAME)";
				SWIFT_EMIT_LOC_STRINGS = NO;
				SWIFT_VERSION = 5.0;
				TARGETED_DEVICE_FAMILY = "1,2";
				TEST_HOST = "$(BUILT_PRODUCTS_DIR)/Foodie.app/$(BUNDLE_EXECUTABLE_FOLDER_PATH)/Foodie";
			};
			name = Debug;
		};
		CA877A282CF480C700C1112E /* Release */ = {
			isa = XCBuildConfiguration;
			buildSettings = {
				ALWAYS_EMBED_SWIFT_STANDARD_LIBRARIES = YES;
				BUNDLE_LOADER = "$(TEST_HOST)";
				CODE_SIGN_STYLE = Automatic;
				CURRENT_PROJECT_VERSION = 1;
				DEVELOPMENT_TEAM = 7W2N6MYJJA;
				GENERATE_INFOPLIST_FILE = YES;
				IPHONEOS_DEPLOYMENT_TARGET = 17.2;
				MARKETING_VERSION = 1.0;
				PRODUCT_BUNDLE_IDENTIFIER = com.indocyber.foodie.FoodieTests;
				PRODUCT_NAME = "$(TARGET_NAME)";
				SWIFT_EMIT_LOC_STRINGS = NO;
				SWIFT_VERSION = 5.0;
				TARGETED_DEVICE_FAMILY = "1,2";
				TEST_HOST = "$(BUILT_PRODUCTS_DIR)/Foodie.app/$(BUNDLE_EXECUTABLE_FOLDER_PATH)/Foodie";
			};
			name = Release;
		};
		CA877A2A2CF480C700C1112E /* Debug */ = {
			isa = XCBuildConfiguration;
			buildSettings = {
				ALWAYS_EMBED_SWIFT_STANDARD_LIBRARIES = YES;
				CODE_SIGN_STYLE = Automatic;
				CURRENT_PROJECT_VERSION = 1;
				DEVELOPMENT_TEAM = 7W2N6MYJJA;
				GENERATE_INFOPLIST_FILE = YES;
				MARKETING_VERSION = 1.0;
				PRODUCT_BUNDLE_IDENTIFIER = com.indocyber.foodie.FoodieUITests;
				PRODUCT_NAME = "$(TARGET_NAME)";
				SWIFT_EMIT_LOC_STRINGS = NO;
				SWIFT_VERSION = 5.0;
				TARGETED_DEVICE_FAMILY = "1,2";
				TEST_TARGET_NAME = Foodie;
			};
			name = Debug;
		};
		CA877A2B2CF480C700C1112E /* Release */ = {
			isa = XCBuildConfiguration;
			buildSettings = {
				ALWAYS_EMBED_SWIFT_STANDARD_LIBRARIES = YES;
				CODE_SIGN_STYLE = Automatic;
				CURRENT_PROJECT_VERSION = 1;
				DEVELOPMENT_TEAM = 7W2N6MYJJA;
				GENERATE_INFOPLIST_FILE = YES;
				MARKETING_VERSION = 1.0;
				PRODUCT_BUNDLE_IDENTIFIER = com.indocyber.foodie.FoodieUITests;
				PRODUCT_NAME = "$(TARGET_NAME)";
				SWIFT_EMIT_LOC_STRINGS = NO;
				SWIFT_VERSION = 5.0;
				TARGETED_DEVICE_FAMILY = "1,2";
				TEST_TARGET_NAME = Foodie;
			};
			name = Release;
		};
/* End XCBuildConfiguration section */

/* Begin XCConfigurationList section */
		CA8779F42CF480C300C1112E /* Build configuration list for PBXProject "Foodie" */ = {
			isa = XCConfigurationList;
			buildConfigurations = (
				CA877A212CF480C700C1112E /* Debug */,
				CA877A222CF480C700C1112E /* Release */,
			);
			defaultConfigurationIsVisible = 0;
			defaultConfigurationName = Release;
		};
		CA877A232CF480C700C1112E /* Build configuration list for PBXNativeTarget "Foodie" */ = {
			isa = XCConfigurationList;
			buildConfigurations = (
				CA877A242CF480C700C1112E /* Debug */,
				CA877A252CF480C700C1112E /* Release */,
			);
			defaultConfigurationIsVisible = 0;
			defaultConfigurationName = Release;
		};
		CA877A262CF480C700C1112E /* Build configuration list for PBXNativeTarget "FoodieTests" */ = {
			isa = XCConfigurationList;
			buildConfigurations = (
				CA877A272CF480C700C1112E /* Debug */,
				CA877A282CF480C700C1112E /* Release */,
			);
			defaultConfigurationIsVisible = 0;
			defaultConfigurationName = Release;
		};
		CA877A292CF480C700C1112E /* Build configuration list for PBXNativeTarget "FoodieUITests" */ = {
			isa = XCConfigurationList;
			buildConfigurations = (
				CA877A2A2CF480C700C1112E /* Debug */,
				CA877A2B2CF480C700C1112E /* Release */,
			);
			defaultConfigurationIsVisible = 0;
			defaultConfigurationName = Release;
		};
/* End XCConfigurationList section */
	};
	rootObject = CA8779F12CF480C300C1112E /* Project object */;
}
